
Microsoft Visual Studio Solution File, Format Version 12.00
# Visual Studio Version 17
VisualStudioVersion = 17.8.34322.80
MinimumVisualStudioVersion = 10.0.40219.1
Project("{FAE04EC0-301F-11D3-BF4B-00C04F79EFBC}") = "WebApplication1", "WebApplication1\WebApplication1.csproj", "{329F8DE9-EACE-412D-90CA-9728CBE80244}"
EndProject
Global
	GlobalSection(SolutionConfigurationPlatforms) = preSolution
		Debug|Any CPU = Debug|Any CPU
		Release|Any CPU = Release|Any CPU
	EndGlobalSection
	GlobalSection(ProjectConfigurationPlatforms) = postSolution
		{329F8DE9-EACE-412D-90CA-9728CBE80244}.Debug|Any CPU.ActiveCfg = Debug|Any CPU
		{329F8DE9-EACE-412D-90CA-9728CBE80244}.Debug|Any CPU.Build.0 = Debug|Any CPU
		{329F8DE9-EACE-412D-90CA-9728CBE80244}.Release|Any CPU.ActiveCfg = Release|Any CPU
		{329F8DE9-EACE-412D-90CA-9728CBE80244}.Release|Any CPU.Build.0 = Release|Any CPU
	EndGlobalSection
	GlobalSection(SolutionProperties) = preSolution
		HideSolutionNode = FALSE
	EndGlobalSection
	GlobalSection(ExtensibilityGlobals) = postSolution
		SolutionGuid = {1971B52D-1514-4ECC-9552-B76EF5397711}
	EndGlobalSection
EndGlobal
